
Microsoft Visual Studio Solution File, Format Version 12.00
# Visual Studio Version 17
VisualStudioVersion = 17.5.002.0
MinimumVisualStudioVersion = 10.0.40219.1
Project("{9A19103F-16F7-4668-BE54-9A1E7A4F7556}") = "vyz", "vyz.csproj", "{9B16A6AD-532F-4F0D-A86C-10851BB9DDCF}"
EndProject
Global
	GlobalSection(SolutionConfigurationPlatforms) = preSolution
		Debug|Any CPU = Debug|Any CPU
		Release|Any CPU = Release|Any CPU
	EndGlobalSection
	GlobalSection(ProjectConfigurationPlatforms) = postSolution
		{9B16A6AD-532F-4F0D-A86C-10851BB9DDCF}.Debug|Any CPU.ActiveCfg = Debug|Any CPU
		{9B16A6AD-532F-4F0D-A86C-10851BB9DDCF}.Debug|Any CPU.Build.0 = Debug|Any CPU
		{9B16A6AD-532F-4F0D-A86C-10851BB9DDCF}.Release|Any CPU.ActiveCfg = Release|Any CPU
		{9B16A6AD-532F-4F0D-A86C-10851BB9DDCF}.Release|Any CPU.Build.0 = Release|Any CPU
	EndGlobalSection
	GlobalSection(SolutionProperties) = preSolution
		HideSolutionNode = FALSE
	EndGlobalSection
	GlobalSection(ExtensibilityGlobals) = postSolution
		SolutionGuid = {6E2A64FC-A7CC-4608-A3D4-5E84E311D47E}
	EndGlobalSection
EndGlobal
